
Microsoft Visual Studio Solution File, Format Version 12.00
# Visual Studio Version 16
VisualStudioVersion = 16.0.29613.14
MinimumVisualStudioVersion = 10.0.40219.1
Project("{FAE04EC0-301F-11D3-BF4B-00C04F79EFBC}") = "LeaguePES", "LeaguePES\LeaguePES.csproj", "{655CD51E-7F9B-4174-8837-20803CF98652}"
EndProject
Global
	GlobalSection(SolutionConfigurationPlatforms) = preSolution
		Debug|Any CPU = Debug|Any CPU
		Release|Any CPU = Release|Any CPU
	EndGlobalSection
	GlobalSection(ProjectConfigurationPlatforms) = postSolution
		{655CD51E-7F9B-4174-8837-20803CF98652}.Debug|Any CPU.ActiveCfg = Debug|Any CPU
		{655CD51E-7F9B-4174-8837-20803CF98652}.Debug|Any CPU.Build.0 = Debug|Any CPU
		{655CD51E-7F9B-4174-8837-20803CF98652}.Release|Any CPU.ActiveCfg = Release|Any CPU
		{655CD51E-7F9B-4174-8837-20803CF98652}.Release|Any CPU.Build.0 = Release|Any CPU
	EndGlobalSection
	GlobalSection(SolutionProperties) = preSolution
		HideSolutionNode = FALSE
	EndGlobalSection
	GlobalSection(ExtensibilityGlobals) = postSolution
		SolutionGuid = {4CFD1AD1-FE62-43A1-AA9C-075B220482D5}
	EndGlobalSection
EndGlobal
